
Microsoft Visual Studio Solution File, Format Version 12.00
# Visual Studio Version 16
VisualStudioVersion = 16.0.31624.102
MinimumVisualStudioVersion = 10.0.40219.1
Project("{FAE04EC0-301F-11D3-BF4B-00C04F79EFBC}") = "FedotovAnton_Linq_DataBase", "FedotovAnton_Linq_DataBase\FedotovAnton_Linq_DataBase.csproj", "{DF79C225-0127-4CFE-9E54-A591392E40F7}"
EndProject
Global
	GlobalSection(SolutionConfigurationPlatforms) = preSolution
		Debug|Any CPU = Debug|Any CPU
		Release|Any CPU = Release|Any CPU
	EndGlobalSection
	GlobalSection(ProjectConfigurationPlatforms) = postSolution
		{DF79C225-0127-4CFE-9E54-A591392E40F7}.Debug|Any CPU.ActiveCfg = Debug|Any CPU
		{DF79C225-0127-4CFE-9E54-A591392E40F7}.Debug|Any CPU.Build.0 = Debug|Any CPU
		{DF79C225-0127-4CFE-9E54-A591392E40F7}.Release|Any CPU.ActiveCfg = Release|Any CPU
		{DF79C225-0127-4CFE-9E54-A591392E40F7}.Release|Any CPU.Build.0 = Release|Any CPU
	EndGlobalSection
	GlobalSection(SolutionProperties) = preSolution
		HideSolutionNode = FALSE
	EndGlobalSection
	GlobalSection(ExtensibilityGlobals) = postSolution
		SolutionGuid = {1ADDB316-1F26-4F46-BC7F-6A1A257D8CC0}
	EndGlobalSection
EndGlobal
